// !$*UTF8*$!
{
	archiveVersion = 1;
	classes = {
	};
	objectVersion = 50;
	objects = {

/* Begin PBXBuildFile section */
		9D6A069E0B6C6D2A1262B234 /* Pods_PackList.framework in Frameworks */ = {isa = PBXBuildFile; fileRef = 93D52117C440B3992FBF8502 /* Pods_PackList.framework */; };
		E827263322B2D8FB001B1A3C /* TripCollectionViewController.swift in Sources */ = {isa = PBXBuildFile; fileRef = E827263222B2D8FB001B1A3C /* TripCollectionViewController.swift */; };
		E827263522B2D93D001B1A3C /* ItemTableViewController.swift in Sources */ = {isa = PBXBuildFile; fileRef = E827263422B2D93D001B1A3C /* ItemTableViewController.swift */; };
		E827263A22B2D9CD001B1A3C /* CollectionViewCell.swift in Sources */ = {isa = PBXBuildFile; fileRef = E827263822B2D9CD001B1A3C /* CollectionViewCell.swift */; };
		E827263B22B2D9CD001B1A3C /* CollectionViewCell.xib in Resources */ = {isa = PBXBuildFile; fileRef = E827263922B2D9CD001B1A3C /* CollectionViewCell.xib */; };
		E8274CB022B47D4200DF0E01 /* ItemViewController.swift in Sources */ = {isa = PBXBuildFile; fileRef = E8274CAF22B47D4200DF0E01 /* ItemViewController.swift */; };
		E8788BDB22B2BDED00360001 /* AppDelegate.swift in Sources */ = {isa = PBXBuildFile; fileRef = E8788BDA22B2BDED00360001 /* AppDelegate.swift */; };
		E8788BE022B2BDED00360001 /* Main.storyboard in Resources */ = {isa = PBXBuildFile; fileRef = E8788BDE22B2BDED00360001 /* Main.storyboard */; };
		E8788BE322B2BDED00360001 /* PackList.xcdatamodeld in Sources */ = {isa = PBXBuildFile; fileRef = E8788BE122B2BDED00360001 /* PackList.xcdatamodeld */; };
		E8788BE522B2BDED00360001 /* Assets.xcassets in Resources */ = {isa = PBXBuildFile; fileRef = E8788BE422B2BDED00360001 /* Assets.xcassets */; };
		E8788BE822B2BDED00360001 /* LaunchScreen.storyboard in Resources */ = {isa = PBXBuildFile; fileRef = E8788BE622B2BDED00360001 /* LaunchScreen.storyboard */; };
/* End PBXBuildFile section */

/* Begin PBXFileReference section */
		93D52117C440B3992FBF8502 /* Pods_PackList.framework */ = {isa = PBXFileReference; explicitFileType = wrapper.framework; includeInIndex = 0; path = Pods_PackList.framework; sourceTree = BUILT_PRODUCTS_DIR; };
		9B474E25D5A6C6893F966CFA /* Pods-PackList.release.xcconfig */ = {isa = PBXFileReference; includeInIndex = 1; lastKnownFileType = text.xcconfig; name = "Pods-PackList.release.xcconfig"; path = "Target Support Files/Pods-PackList/Pods-PackList.release.xcconfig"; sourceTree = "<group>"; };
		CC0EC8AD16A21637A676BA85 /* Pods-PackList.debug.xcconfig */ = {isa = PBXFileReference; includeInIndex = 1; lastKnownFileType = text.xcconfig; name = "Pods-PackList.debug.xcconfig"; path = "Target Support Files/Pods-PackList/Pods-PackList.debug.xcconfig"; sourceTree = "<group>"; };
		E827263222B2D8FB001B1A3C /* TripCollectionViewController.swift */ = {isa = PBXFileReference; lastKnownFileType = sourcecode.swift; path = TripCollectionViewController.swift; sourceTree = "<group>"; };
		E827263422B2D93D001B1A3C /* ItemTableViewController.swift */ = {isa = PBXFileReference; lastKnownFileType = sourcecode.swift; path = ItemTableViewController.swift; sourceTree = "<group>"; };
		E827263822B2D9CD001B1A3C /* CollectionViewCell.swift */ = {isa = PBXFileReference; lastKnownFileType = sourcecode.swift; path = CollectionViewCell.swift; sourceTree = "<group>"; };
		E827263922B2D9CD001B1A3C /* CollectionViewCell.xib */ = {isa = PBXFileReference; lastKnownFileType = file.xib; path = CollectionViewCell.xib; sourceTree = "<group>"; };
		E8274CAF22B47D4200DF0E01 /* ItemViewController.swift */ = {isa = PBXFileReference; lastKnownFileType = sourcecode.swift; path = ItemViewController.swift; sourceTree = "<group>"; };
		E8788BD722B2BDED00360001 /* PackList.app */ = {isa = PBXFileReference; explicitFileType = wrapper.application; includeInIndex = 0; path = PackList.app; sourceTree = BUILT_PRODUCTS_DIR; };
		E8788BDA22B2BDED00360001 /* AppDelegate.swift */ = {isa = PBXFileReference; lastKnownFileType = sourcecode.swift; path = AppDelegate.swift; sourceTree = "<group>"; };
		E8788BDF22B2BDED00360001 /* Base */ = {isa = PBXFileReference; lastKnownFileType = file.storyboard; name = Base; path = Base.lproj/Main.storyboard; sourceTree = "<group>"; };
		E8788BE222B2BDED00360001 /* PackList.xcdatamodel */ = {isa = PBXFileReference; lastKnownFileType = wrapper.xcdatamodel; path = PackList.xcdatamodel; sourceTree = "<group>"; };
		E8788BE422B2BDED00360001 /* Assets.xcassets */ = {isa = PBXFileReference; lastKnownFileType = folder.assetcatalog; path = Assets.xcassets; sourceTree = "<group>"; };
		E8788BE722B2BDED00360001 /* Base */ = {isa = PBXFileReference; lastKnownFileType = file.storyboard; name = Base; path = Base.lproj/LaunchScreen.storyboard; sourceTree = "<group>"; };
		E8788BE922B2BDED00360001 /* Info.plist */ = {isa = PBXFileReference; lastKnownFileType = text.plist.xml; path = Info.plist; sourceTree = "<group>"; };
/* End PBXFileReference section */

/* Begin PBXFrameworksBuildPhase section */
		E8788BD422B2BDED00360001 /* Frameworks */ = {
			isa = PBXFrameworksBuildPhase;
			buildActionMask = 2147483647;
			files = (
				9D6A069E0B6C6D2A1262B234 /* Pods_PackList.framework in Frameworks */,
			);
			runOnlyForDeploymentPostprocessing = 0;
		};
/* End PBXFrameworksBuildPhase section */

/* Begin PBXGroup section */
		9570807422298D4E83165F83 /* Frameworks */ = {
			isa = PBXGroup;
			children = (
				93D52117C440B3992FBF8502 /* Pods_PackList.framework */,
			);
			name = Frameworks;
			sourceTree = "<group>";
		};
		E46384D946B9DACDD65443E0 /* Pods */ = {
			isa = PBXGroup;
			children = (
				CC0EC8AD16A21637A676BA85 /* Pods-PackList.debug.xcconfig */,
				9B474E25D5A6C6893F966CFA /* Pods-PackList.release.xcconfig */,
			);
			path = Pods;
			sourceTree = "<group>";
		};
		E827263622B2D948001B1A3C /* Controllers */ = {
			isa = PBXGroup;
			children = (
				E8274CAF22B47D4200DF0E01 /* ItemViewController.swift */,
				E827263222B2D8FB001B1A3C /* TripCollectionViewController.swift */,
				E827263422B2D93D001B1A3C /* ItemTableViewController.swift */,
			);
			path = Controllers;
			sourceTree = "<group>";
		};
		E827263722B2D953001B1A3C /* Views */ = {
			isa = PBXGroup;
			children = (
				E8788BDE22B2BDED00360001 /* Main.storyboard */,
				E8788BE622B2BDED00360001 /* LaunchScreen.storyboard */,
				E827263D22B2DA37001B1A3C /* CollectionViewCell */,
			);
			path = Views;
			sourceTree = "<group>";
		};
		E827263D22B2DA37001B1A3C /* CollectionViewCell */ = {
			isa = PBXGroup;
			children = (
				E827263822B2D9CD001B1A3C /* CollectionViewCell.swift */,
				E827263922B2D9CD001B1A3C /* CollectionViewCell.xib */,
			);
			path = CollectionViewCell;
			sourceTree = "<group>";
		};
		E8788BCE22B2BDED00360001 = {
			isa = PBXGroup;
			children = (
				E8788BD922B2BDED00360001 /* PackList */,
				E8788BD822B2BDED00360001 /* Products */,
				E46384D946B9DACDD65443E0 /* Pods */,
				9570807422298D4E83165F83 /* Frameworks */,
			);
			sourceTree = "<group>";
		};
		E8788BD822B2BDED00360001 /* Products */ = {
			isa = PBXGroup;
			children = (
				E8788BD722B2BDED00360001 /* PackList.app */,
			);
			name = Products;
			sourceTree = "<group>";
		};
		E8788BD922B2BDED00360001 /* PackList */ = {
			isa = PBXGroup;
			children = (
				E8788BDA22B2BDED00360001 /* AppDelegate.swift */,
				E827263722B2D953001B1A3C /* Views */,
				E827263622B2D948001B1A3C /* Controllers */,
				E8788BE422B2BDED00360001 /* Assets.xcassets */,
				E8788BE922B2BDED00360001 /* Info.plist */,
				E8788BE122B2BDED00360001 /* PackList.xcdatamodeld */,
			);
			path = PackList;
			sourceTree = "<group>";
		};
/* End PBXGroup section */

/* Begin PBXNativeTarget section */
		E8788BD622B2BDED00360001 /* PackList */ = {
			isa = PBXNativeTarget;
			buildConfigurationList = E8788BEC22B2BDED00360001 /* Build configuration list for PBXNativeTarget "PackList" */;
			buildPhases = (
				C29C2610EE4DA7CE120E4B53 /* [CP] Check Pods Manifest.lock */,
				E8788BD322B2BDED00360001 /* Sources */,
				E8788BD422B2BDED00360001 /* Frameworks */,
				E8788BD522B2BDED00360001 /* Resources */,
				2335639F952D54839CEA322A /* [CP] Embed Pods Frameworks */,
			);
			buildRules = (
			);
			dependencies = (
			);
			name = PackList;
			productName = PackList;
			productReference = E8788BD722B2BDED00360001 /* PackList.app */;
			productType = "com.apple.product-type.application";
		};
/* End PBXNativeTarget section */

/* Begin PBXProject section */
		E8788BCF22B2BDED00360001 /* Project object */ = {
			isa = PBXProject;
			attributes = {
				LastSwiftUpdateCheck = 1020;
				LastUpgradeCheck = 1020;
				ORGANIZATIONNAME = "Jordan Perrella";
				TargetAttributes = {
					E8788BD622B2BDED00360001 = {
						CreatedOnToolsVersion = 10.2.1;
					};
				};
			};
			buildConfigurationList = E8788BD222B2BDED00360001 /* Build configuration list for PBXProject "PackList" */;
			compatibilityVersion = "Xcode 9.3";
			developmentRegion = en;
			hasScannedForEncodings = 0;
			knownRegions = (
				en,
				Base,
			);
			mainGroup = E8788BCE22B2BDED00360001;
			productRefGroup = E8788BD822B2BDED00360001 /* Products */;
			projectDirPath = "";
			projectRoot = "";
			targets = (
				E8788BD622B2BDED00360001 /* PackList */,
			);
		};
/* End PBXProject section */

/* Begin PBXResourcesBuildPhase section */
		E8788BD522B2BDED00360001 /* Resources */ = {
			isa = PBXResourcesBuildPhase;
			buildActionMask = 2147483647;
			files = (
				E8788BE822B2BDED00360001 /* LaunchScreen.storyboard in Resources */,
				E8788BE522B2BDED00360001 /* Assets.xcassets in Resources */,
				E827263B22B2D9CD001B1A3C /* CollectionViewCell.xib in Resources */,
				E8788BE022B2BDED00360001 /* Main.storyboard in Resources */,
			);
			runOnlyForDeploymentPostprocessing = 0;
		};
/* End PBXResourcesBuildPhase section */

/* Begin PBXShellScriptBuildPhase section */
		2335639F952D54839CEA322A /* [CP] Embed Pods Frameworks */ = {
			isa = PBXShellScriptBuildPhase;
			buildActionMask = 2147483647;
			files = (
			);
			inputFileListPaths = (
			);
			inputPaths = (
				"${PODS_ROOT}/Target Support Files/Pods-PackList/Pods-PackList-frameworks.sh",
				"${BUILT_PRODUCTS_DIR}/ChameleonFramework/ChameleonFramework.framework",
				"${BUILT_PRODUCTS_DIR}/SVProgressHUD/SVProgressHUD.framework",
			);
			name = "[CP] Embed Pods Frameworks";
			outputFileListPaths = (
			);
			outputPaths = (
				"${TARGET_BUILD_DIR}/${FRAMEWORKS_FOLDER_PATH}/ChameleonFramework.framework",
				"${TARGET_BUILD_DIR}/${FRAMEWORKS_FOLDER_PATH}/SVProgressHUD.framework",
			);
			runOnlyForDeploymentPostprocessing = 0;
			shellPath = /bin/sh;
			shellScript = "\"${PODS_ROOT}/Target Support Files/Pods-PackList/Pods-PackList-frameworks.sh\"\n";
			showEnvVarsInLog = 0;
		};
		C29C2610EE4DA7CE120E4B53 /* [CP] Check Pods Manifest.lock */ = {
			isa = PBXShellScriptBuildPhase;
			buildActionMask = 2147483647;
			files = (
			);
			inputFileListPaths = (
			);
			inputPaths = (
				"${PODS_PODFILE_DIR_PATH}/Podfile.lock",
				"${PODS_ROOT}/Manifest.lock",
			);
			name = "[CP] Check Pods Manifest.lock";
			outputFileListPaths = (
			);
			outputPaths = (
				"$(DERIVED_FILE_DIR)/Pods-PackList-checkManifestLockResult.txt",
			);
			runOnlyForDeploymentPostprocessing = 0;
			shellPath = /bin/sh;
			shellScript = "diff \"${PODS_PODFILE_DIR_PATH}/Podfile.lock\" \"${PODS_ROOT}/Manifest.lock\" > /dev/null\nif [ $? != 0 ] ; then\n    # print error to STDERR\n    echo \"error: The sandbox is not in sync with the Podfile.lock. Run 'pod install' or update your CocoaPods installation.\" >&2\n    exit 1\nfi\n# This output is used by Xcode 'outputs' to avoid re-running this script phase.\necho \"SUCCESS\" > \"${SCRIPT_OUTPUT_FILE_0}\"\n";
			showEnvVarsInLog = 0;
		};
/* End PBXShellScriptBuildPhase section */

/* Begin PBXSourcesBuildPhase section */
		E8788BD322B2BDED00360001 /* Sources */ = {
			isa = PBXSourcesBuildPhase;
			buildActionMask = 2147483647;
			files = (
				E827263A22B2D9CD001B1A3C /* CollectionViewCell.swift in Sources */,
				E8788BDB22B2BDED00360001 /* AppDelegate.swift in Sources */,
				E827263322B2D8FB001B1A3C /* TripCollectionViewController.swift in Sources */,
				E827263522B2D93D001B1A3C /* ItemTableViewController.swift in Sources */,
				E8788BE322B2BDED00360001 /* PackList.xcdatamodeld in Sources */,
				E8274CB022B47D4200DF0E01 /* ItemViewController.swift in Sources */,
			);
			runOnlyForDeploymentPostprocessing = 0;
		};
/* End PBXSourcesBuildPhase section */

/* Begin PBXVariantGroup section */
		E8788BDE22B2BDED00360001 /* Main.storyboard */ = {
			isa = PBXVariantGroup;
			children = (
				E8788BDF22B2BDED00360001 /* Base */,
			);
			name = Main.storyboard;
			sourceTree = "<group>";
		};
		E8788BE622B2BDED00360001 /* LaunchScreen.storyboard */ = {
			isa = PBXVariantGroup;
			children = (
				E8788BE722B2BDED00360001 /* Base */,
			);
			name = LaunchScreen.storyboard;
			sourceTree = "<group>";
		};
/* End PBXVariantGroup section */

/* Begin XCBuildConfiguration section */
		E8788BEA22B2BDED00360001 /* Debug */ = {
			isa = XCBuildConfiguration;
			buildSettings = {
				ALWAYS_SEARCH_USER_PATHS = NO;
				CLANG_ANALYZER_NONNULL = YES;
				CLANG_ANALYZER_NUMBER_OBJECT_CONVERSION = YES_AGGRESSIVE;
				CLANG_CXX_LANGUAGE_STANDARD = "gnu++14";
				CLANG_CXX_LIBRARY = "libc++";
				CLANG_ENABLE_MODULES = YES;
				CLANG_ENABLE_OBJC_ARC = YES;
				CLANG_ENABLE_OBJC_WEAK = YES;
				CLANG_WARN_BLOCK_CAPTURE_AUTORELEASING = YES;
				CLANG_WARN_BOOL_CONVERSION = YES;
				CLANG_WARN_COMMA = YES;
				CLANG_WARN_CONSTANT_CONVERSION = YES;
				CLANG_WARN_DEPRECATED_OBJC_IMPLEMENTATIONS = YES;
				CLANG_WARN_DIRECT_OBJC_ISA_USAGE = YES_ERROR;
				CLANG_WARN_DOCUMENTATION_COMMENTS = YES;
				CLANG_WARN_EMPTY_BODY = YES;
				CLANG_WARN_ENUM_CONVERSION = YES;
				CLANG_WARN_INFINITE_RECURSION = YES;
				CLANG_WARN_INT_CONVERSION = YES;
				CLANG_WARN_NON_LITERAL_NULL_CONVERSION = YES;
				CLANG_WARN_OBJC_IMPLICIT_RETAIN_SELF = YES;
				CLANG_WARN_OBJC_LITERAL_CONVERSION = YES;
				CLANG_WARN_OBJC_ROOT_CLASS = YES_ERROR;
				CLANG_WARN_RANGE_LOOP_ANALYSIS = YES;
				CLANG_WARN_STRICT_PROTOTYPES = YES;
				CLANG_WARN_SUSPICIOUS_MOVE = YES;
				CLANG_WARN_UNGUARDED_AVAILABILITY = YES_AGGRESSIVE;
				CLANG_WARN_UNREACHABLE_CODE = YES;
				CLANG_WARN__DUPLICATE_METHOD_MATCH = YES;
				CODE_SIGN_IDENTITY = "iPhone Developer";
				COPY_PHASE_STRIP = NO;
				DEBUG_INFORMATION_FORMAT = dwarf;
				ENABLE_STRICT_OBJC_MSGSEND = YES;
				ENABLE_TESTABILITY = YES;
				GCC_C_LANGUAGE_STANDARD = gnu11;
				GCC_DYNAMIC_NO_PIC = NO;
				GCC_NO_COMMON_BLOCKS = YES;
				GCC_OPTIMIZATION_LEVEL = 0;
				GCC_PREPROCESSOR_DEFINITIONS = (
					"DEBUG=1",
					"$(inherited)",
				);
				GCC_WARN_64_TO_32_BIT_CONVERSION = YES;
				GCC_WARN_ABOUT_RETURN_TYPE = YES_ERROR;
				GCC_WARN_UNDECLARED_SELECTOR = YES;
				GCC_WARN_UNINITIALIZED_AUTOS = YES_AGGRESSIVE;
				GCC_WARN_UNUSED_FUNCTION = YES;
				GCC_WARN_UNUSED_VARIABLE = YES;
				IPHONEOS_DEPLOYMENT_TARGET = 12.2;
				MTL_ENABLE_DEBUG_INFO = INCLUDE_SOURCE;
				MTL_FAST_MATH = YES;
				ONLY_ACTIVE_ARCH = YES;
				SDKROOT = iphoneos;
				SWIFT_ACTIVE_COMPILATION_CONDITIONS = DEBUG;
				SWIFT_OPTIMIZATION_LEVEL = "-Onone";
			};
			name = Debug;
		};
		E8788BEB22B2BDED00360001 /* Release */ = {
			isa = XCBuildConfiguration;
			buildSettings = {
				ALWAYS_SEARCH_USER_PATHS = NO;
				CLANG_ANALYZER_NONNULL = YES;
				CLANG_ANALYZER_NUMBER_OBJECT_CONVERSION = YES_AGGRESSIVE;
				CLANG_CXX_LANGUAGE_STANDARD = "gnu++14";
				CLANG_CXX_LIBRARY = "libc++";
				CLANG_ENABLE_MODULES = YES;
				CLANG_ENABLE_OBJC_ARC = YES;
				CLANG_ENABLE_OBJC_WEAK = YES;
				CLANG_WARN_BLOCK_CAPTURE_AUTORELEASING = YES;
				CLANG_WARN_BOOL_CONVERSION = YES;
				CLANG_WARN_COMMA = YES;
				CLANG_WARN_CONSTANT_CONVERSION = YES;
				CLANG_WARN_DEPRECATED_OBJC_IMPLEMENTATIONS = YES;
				CLANG_WARN_DIRECT_OBJC_ISA_USAGE = YES_ERROR;
				CLANG_WARN_DOCUMENTATION_COMMENTS = YES;
				CLANG_WARN_EMPTY_BODY = YES;
				CLANG_WARN_ENUM_CONVERSION = YES;
				CLANG_WARN_INFINITE_RECURSION = YES;
				CLANG_WARN_INT_CONVERSION = YES;
				CLANG_WARN_NON_LITERAL_NULL_CONVERSION = YES;
				CLANG_WARN_OBJC_IMPLICIT_RETAIN_SELF = YES;
				CLANG_WARN_OBJC_LITERAL_CONVERSION = YES;
				CLANG_WARN_OBJC_ROOT_CLASS = YES_ERROR;
				CLANG_WARN_RANGE_LOOP_ANALYSIS = YES;
				CLANG_WARN_STRICT_PROTOTYPES = YES;
				CLANG_WARN_SUSPICIOUS_MOVE = YES;
				CLANG_WARN_UNGUARDED_AVAILABILITY = YES_AGGRESSIVE;
				CLANG_WARN_UNREACHABLE_CODE = YES;
				CLANG_WARN__DUPLICATE_METHOD_MATCH = YES;
				CODE_SIGN_IDENTITY = "iPhone Developer";
				COPY_PHASE_STRIP = NO;
				DEBUG_INFORMATION_FORMAT = "dwarf-with-dsym";
				ENABLE_NS_ASSERTIONS = NO;
				ENABLE_STRICT_OBJC_MSGSEND = YES;
				GCC_C_LANGUAGE_STANDARD = gnu11;
				GCC_NO_COMMON_BLOCKS = YES;
				GCC_WARN_64_TO_32_BIT_CONVERSION = YES;
				GCC_WARN_ABOUT_RETURN_TYPE = YES_ERROR;
				GCC_WARN_UNDECLARED_SELECTOR = YES;
				GCC_WARN_UNINITIALIZED_AUTOS = YES_AGGRESSIVE;
				GCC_WARN_UNUSED_FUNCTION = YES;
				GCC_WARN_UNUSED_VARIABLE = YES;
				IPHONEOS_DEPLOYMENT_TARGET = 12.2;
				MTL_ENABLE_DEBUG_INFO = NO;
				MTL_FAST_MATH = YES;
				SDKROOT = iphoneos;
				SWIFT_COMPILATION_MODE = wholemodule;
				SWIFT_OPTIMIZATION_LEVEL = "-O";
				VALIDATE_PRODUCT = YES;
			};
			name = Release;
		};
		E8788BED22B2BDED00360001 /* Debug */ = {
			isa = XCBuildConfiguration;
			baseConfigurationReference = CC0EC8AD16A21637A676BA85 /* Pods-PackList.debug.xcconfig */;
			buildSettings = {
				ASSETCATALOG_COMPILER_APPICON_NAME = AppIcon;
				CODE_SIGN_STYLE = Automatic;
				DEVELOPMENT_TEAM = LV575M35AM;
				INFOPLIST_FILE = PackList/Info.plist;
				LD_RUNPATH_SEARCH_PATHS = (
					"$(inherited)",
					"@executable_path/Frameworks",
				);
				PRODUCT_BUNDLE_IDENTIFIER = com.jordanperrella.PackList;
				PRODUCT_NAME = "$(TARGET_NAME)";
				SWIFT_VERSION = 5.0;
				TARGETED_DEVICE_FAMILY = 1;
			};
			name = Debug;
		};
		E8788BEE22B2BDED00360001 /* Release */ = {
			isa = XCBuildConfiguration;
			baseConfigurationReference = 9B474E25D5A6C6893F966CFA /* Pods-PackList.release.xcconfig */;
			buildSettings = {
				ASSETCATALOG_COMPILER_APPICON_NAME = AppIcon;
				CODE_SIGN_STYLE = Automatic;
				DEVELOPMENT_TEAM = LV575M35AM;
				INFOPLIST_FILE = PackList/Info.plist;
				LD_RUNPATH_SEARCH_PATHS = (
					"$(inherited)",
					"@executable_path/Frameworks",
				);
				PRODUCT_BUNDLE_IDENTIFIER = com.jordanperrella.PackList;
				PRODUCT_NAME = "$(TARGET_NAME)";
				SWIFT_VERSION = 5.0;
				TARGETED_DEVICE_FAMILY = 1;
			};
			name = Release;
		};
/* End XCBuildConfiguration section */

/* Begin XCConfigurationList section */
		E8788BD222B2BDED00360001 /* Build configuration list for PBXProject "PackList" */ = {
			isa = XCConfigurationList;
			buildConfigurations = (
				E8788BEA22B2BDED00360001 /* Debug */,
				E8788BEB22B2BDED00360001 /* Release */,
			);
			defaultConfigurationIsVisible = 0;
			defaultConfigurationName = Release;
		};
		E8788BEC22B2BDED00360001 /* Build configuration list for PBXNativeTarget "PackList" */ = {
			isa = XCConfigurationList;
			buildConfigurations = (
				E8788BED22B2BDED00360001 /* Debug */,
				E8788BEE22B2BDED00360001 /* Release */,
			);
			defaultConfigurationIsVisible = 0;
			defaultConfigurationName = Release;
		};
/* End XCConfigurationList section */

/* Begin XCVersionGroup section */
		E8788BE122B2BDED00360001 /* PackList.xcdatamodeld */ = {
			isa = XCVersionGroup;
			children = (
				E8788BE222B2BDED00360001 /* PackList.xcdatamodel */,
			);
			currentVersion = E8788BE222B2BDED00360001 /* PackList.xcdatamodel */;
			path = PackList.xcdatamodeld;
			sourceTree = "<group>";
			versionGroupType = wrapper.xcdatamodel;
		};
/* End XCVersionGroup section */
	};
	rootObject = E8788BCF22B2BDED00360001 /* Project object */;
}
